
Microsoft Visual Studio Solution File, Format Version 12.00
# Visual Studio Version 16
VisualStudioVersion = 16.0.31402.337
MinimumVisualStudioVersion = 10.0.40219.1
Project("{2150E333-8FDC-42A3-9474-1A3956D46DE8}") = "0 - Dominio", "0 - Dominio", "{23E9F824-040E-4DFB-97AA-5F4066CDD7A6}"
EndProject
Project("{FAE04EC0-301F-11D3-BF4B-00C04F79EFBC}") = "RallyDakar.Dominio", "RallyDakar.Dominio\RallyDakar.Dominio.csproj", "{914179F3-DCB2-4D0C-AF51-948443D487B0}"
EndProject
Project("{FAE04EC0-301F-11D3-BF4B-00C04F79EFBC}") = "RallyDakar.Dominio.Testes", "RallyDakar.Dominio.Testes\RallyDakar.Dominio.Testes.csproj", "{7E1EEBDB-6E4B-45FC-8252-77DBE806EDB3}"
EndProject
Global
	GlobalSection(SolutionConfigurationPlatforms) = preSolution
		Debug|Any CPU = Debug|Any CPU
		Release|Any CPU = Release|Any CPU
	EndGlobalSection
	GlobalSection(ProjectConfigurationPlatforms) = postSolution
		{914179F3-DCB2-4D0C-AF51-948443D487B0}.Debug|Any CPU.ActiveCfg = Debug|Any CPU
		{914179F3-DCB2-4D0C-AF51-948443D487B0}.Debug|Any CPU.Build.0 = Debug|Any CPU
		{914179F3-DCB2-4D0C-AF51-948443D487B0}.Release|Any CPU.ActiveCfg = Release|Any CPU
		{914179F3-DCB2-4D0C-AF51-948443D487B0}.Release|Any CPU.Build.0 = Release|Any CPU
		{7E1EEBDB-6E4B-45FC-8252-77DBE806EDB3}.Debug|Any CPU.ActiveCfg = Debug|Any CPU
		{7E1EEBDB-6E4B-45FC-8252-77DBE806EDB3}.Debug|Any CPU.Build.0 = Debug|Any CPU
		{7E1EEBDB-6E4B-45FC-8252-77DBE806EDB3}.Release|Any CPU.ActiveCfg = Release|Any CPU
		{7E1EEBDB-6E4B-45FC-8252-77DBE806EDB3}.Release|Any CPU.Build.0 = Release|Any CPU
	EndGlobalSection
	GlobalSection(SolutionProperties) = preSolution
		HideSolutionNode = FALSE
	EndGlobalSection
	GlobalSection(NestedProjects) = preSolution
		{914179F3-DCB2-4D0C-AF51-948443D487B0} = {23E9F824-040E-4DFB-97AA-5F4066CDD7A6}
		{7E1EEBDB-6E4B-45FC-8252-77DBE806EDB3} = {23E9F824-040E-4DFB-97AA-5F4066CDD7A6}
	EndGlobalSection
	GlobalSection(ExtensibilityGlobals) = postSolution
		SolutionGuid = {4927C0C4-D758-4185-84B4-B69BE5EED868}
	EndGlobalSection
EndGlobal
